
Microsoft Visual Studio Solution File, Format Version 12.00
# Visual Studio Version 17
VisualStudioVersion = 17.9.34723.18
MinimumVisualStudioVersion = 10.0.40219.1
Project("{FAE04EC0-301F-11D3-BF4B-00C04F79EFBC}") = "NLP_och_frågetjänster_i_Azure_AI", "NLP_och_frågetjänster_i_Azure_AI\NLP_och_frågetjänster_i_Azure_AI.csproj", "{7CA6DCE7-25A5-4C6E-BCA3-383D94FA6B3B}"
EndProject
Global
	GlobalSection(SolutionConfigurationPlatforms) = preSolution
		Debug|Any CPU = Debug|Any CPU
		Release|Any CPU = Release|Any CPU
	EndGlobalSection
	GlobalSection(ProjectConfigurationPlatforms) = postSolution
		{7CA6DCE7-25A5-4C6E-BCA3-383D94FA6B3B}.Debug|Any CPU.ActiveCfg = Debug|Any CPU
		{7CA6DCE7-25A5-4C6E-BCA3-383D94FA6B3B}.Debug|Any CPU.Build.0 = Debug|Any CPU
		{7CA6DCE7-25A5-4C6E-BCA3-383D94FA6B3B}.Release|Any CPU.ActiveCfg = Release|Any CPU
		{7CA6DCE7-25A5-4C6E-BCA3-383D94FA6B3B}.Release|Any CPU.Build.0 = Release|Any CPU
	EndGlobalSection
	GlobalSection(SolutionProperties) = preSolution
		HideSolutionNode = FALSE
	EndGlobalSection
	GlobalSection(ExtensibilityGlobals) = postSolution
		SolutionGuid = {603C3547-966B-4CC1-A668-AD5B640942C5}
	EndGlobalSection
EndGlobal
